// !$*UTF8*$!
{
	archiveVersion = 1;
	classes = {
	};
	objectVersion = 56;
	objects = {

/* Begin PBXBuildFile section */
		C702103B2CA6B27700CF973E /* AppDelegate.swift in Sources */ = {isa = PBXBuildFile; fileRef = C702103A2CA6B27700CF973E /* AppDelegate.swift */; };
		C702103D2CA6B27700CF973E /* SceneDelegate.swift in Sources */ = {isa = PBXBuildFile; fileRef = C702103C2CA6B27700CF973E /* SceneDelegate.swift */; };
		C702103F2CA6B27700CF973E /* ViewController.swift in Sources */ = {isa = PBXBuildFile; fileRef = C702103E2CA6B27700CF973E /* ViewController.swift */; };
		C70210422CA6B27700CF973E /* Main.storyboard in Resources */ = {isa = PBXBuildFile; fileRef = C70210402CA6B27700CF973E /* Main.storyboard */; };
		C70210452CA6B27700CF973E /* Battlebucks_Sunish_Ram.xcdatamodeld in Sources */ = {isa = PBXBuildFile; fileRef = C70210432CA6B27700CF973E /* Battlebucks_Sunish_Ram.xcdatamodeld */; };
		C70210472CA6B27900CF973E /* Assets.xcassets in Resources */ = {isa = PBXBuildFile; fileRef = C70210462CA6B27900CF973E /* Assets.xcassets */; };
		C702104A2CA6B27900CF973E /* LaunchScreen.storyboard in Resources */ = {isa = PBXBuildFile; fileRef = C70210482CA6B27900CF973E /* LaunchScreen.storyboard */; };
/* End PBXBuildFile section */

/* Begin PBXFileReference section */
		C70210372CA6B27700CF973E /* Battlebucks_Sunish_Ram.app */ = {isa = PBXFileReference; explicitFileType = wrapper.application; includeInIndex = 0; path = Battlebucks_Sunish_Ram.app; sourceTree = BUILT_PRODUCTS_DIR; };
		C702103A2CA6B27700CF973E /* AppDelegate.swift */ = {isa = PBXFileReference; lastKnownFileType = sourcecode.swift; path = AppDelegate.swift; sourceTree = "<group>"; };
		C702103C2CA6B27700CF973E /* SceneDelegate.swift */ = {isa = PBXFileReference; lastKnownFileType = sourcecode.swift; path = SceneDelegate.swift; sourceTree = "<group>"; };
		C702103E2CA6B27700CF973E /* ViewController.swift */ = {isa = PBXFileReference; lastKnownFileType = sourcecode.swift; path = ViewController.swift; sourceTree = "<group>"; };
		C70210412CA6B27700CF973E /* Base */ = {isa = PBXFileReference; lastKnownFileType = file.storyboard; name = Base; path = Base.lproj/Main.storyboard; sourceTree = "<group>"; };
		C70210442CA6B27700CF973E /* Battlebucks_Sunish_Ram.xcdatamodel */ = {isa = PBXFileReference; lastKnownFileType = wrapper.xcdatamodel; path = Battlebucks_Sunish_Ram.xcdatamodel; sourceTree = "<group>"; };
		C70210462CA6B27900CF973E /* Assets.xcassets */ = {isa = PBXFileReference; lastKnownFileType = folder.assetcatalog; path = Assets.xcassets; sourceTree = "<group>"; };
		C70210492CA6B27900CF973E /* Base */ = {isa = PBXFileReference; lastKnownFileType = file.storyboard; name = Base; path = Base.lproj/LaunchScreen.storyboard; sourceTree = "<group>"; };
		C702104B2CA6B27900CF973E /* Info.plist */ = {isa = PBXFileReference; lastKnownFileType = text.plist.xml; path = Info.plist; sourceTree = "<group>"; };
/* End PBXFileReference section */

/* Begin PBXFrameworksBuildPhase section */
		C70210342CA6B27700CF973E /* Frameworks */ = {
			isa = PBXFrameworksBuildPhase;
			buildActionMask = 2147483647;
			files = (
			);
			runOnlyForDeploymentPostprocessing = 0;
		};
/* End PBXFrameworksBuildPhase section */

/* Begin PBXGroup section */
		C702102E2CA6B27700CF973E = {
			isa = PBXGroup;
			children = (
				C70210392CA6B27700CF973E /* Battlebucks_Sunish_Ram */,
				C70210382CA6B27700CF973E /* Products */,
			);
			sourceTree = "<group>";
		};
		C70210382CA6B27700CF973E /* Products */ = {
			isa = PBXGroup;
			children = (
				C70210372CA6B27700CF973E /* Battlebucks_Sunish_Ram.app */,
			);
			name = Products;
			sourceTree = "<group>";
		};
		C70210392CA6B27700CF973E /* Battlebucks_Sunish_Ram */ = {
			isa = PBXGroup;
			children = (
				C702103A2CA6B27700CF973E /* AppDelegate.swift */,
				C702103C2CA6B27700CF973E /* SceneDelegate.swift */,
				C702103E2CA6B27700CF973E /* ViewController.swift */,
				C70210402CA6B27700CF973E /* Main.storyboard */,
				C70210462CA6B27900CF973E /* Assets.xcassets */,
				C70210482CA6B27900CF973E /* LaunchScreen.storyboard */,
				C702104B2CA6B27900CF973E /* Info.plist */,
				C70210432CA6B27700CF973E /* Battlebucks_Sunish_Ram.xcdatamodeld */,
			);
			path = Battlebucks_Sunish_Ram;
			sourceTree = "<group>";
		};
/* End PBXGroup section */

/* Begin PBXNativeTarget section */
		C70210362CA6B27700CF973E /* Battlebucks_Sunish_Ram */ = {
			isa = PBXNativeTarget;
			buildConfigurationList = C702104E2CA6B27900CF973E /* Build configuration list for PBXNativeTarget "Battlebucks_Sunish_Ram" */;
			buildPhases = (
				C70210332CA6B27700CF973E /* Sources */,
				C70210342CA6B27700CF973E /* Frameworks */,
				C70210352CA6B27700CF973E /* Resources */,
			);
			buildRules = (
			);
			dependencies = (
			);
			name = Battlebucks_Sunish_Ram;
			productName = Battlebucks_Sunish_Ram;
			productReference = C70210372CA6B27700CF973E /* Battlebucks_Sunish_Ram.app */;
			productType = "com.apple.product-type.application";
		};
/* End PBXNativeTarget section */

/* Begin PBXProject section */
		C702102F2CA6B27700CF973E /* Project object */ = {
			isa = PBXProject;
			attributes = {
				BuildIndependentTargetsInParallel = 1;
				LastSwiftUpdateCheck = 1520;
				LastUpgradeCheck = 1520;
				TargetAttributes = {
					C70210362CA6B27700CF973E = {
						CreatedOnToolsVersion = 15.2;
					};
				};
			};
			buildConfigurationList = C70210322CA6B27700CF973E /* Build configuration list for PBXProject "Battlebucks_Sunish_Ram" */;
			compatibilityVersion = "Xcode 14.0";
			developmentRegion = en;
			hasScannedForEncodings = 0;
			knownRegions = (
				en,
				Base,
			);
			mainGroup = C702102E2CA6B27700CF973E;
			productRefGroup = C70210382CA6B27700CF973E /* Products */;
			projectDirPath = "";
			projectRoot = "";
			targets = (
				C70210362CA6B27700CF973E /* Battlebucks_Sunish_Ram */,
			);
		};
/* End PBXProject section */

/* Begin PBXResourcesBuildPhase section */
		C70210352CA6B27700CF973E /* Resources */ = {
			isa = PBXResourcesBuildPhase;
			buildActionMask = 2147483647;
			files = (
				C702104A2CA6B27900CF973E /* LaunchScreen.storyboard in Resources */,
				C70210472CA6B27900CF973E /* Assets.xcassets in Resources */,
				C70210422CA6B27700CF973E /* Main.storyboard in Resources */,
			);
			runOnlyForDeploymentPostprocessing = 0;
		};
/* End PBXResourcesBuildPhase section */

/* Begin PBXSourcesBuildPhase section */
		C70210332CA6B27700CF973E /* Sources */ = {
			isa = PBXSourcesBuildPhase;
			buildActionMask = 2147483647;
			files = (
				C702103F2CA6B27700CF973E /* ViewController.swift in Sources */,
				C702103B2CA6B27700CF973E /* AppDelegate.swift in Sources */,
				C702103D2CA6B27700CF973E /* SceneDelegate.swift in Sources */,
				C70210452CA6B27700CF973E /* Battlebucks_Sunish_Ram.xcdatamodeld in Sources */,
			);
			runOnlyForDeploymentPostprocessing = 0;
		};
/* End PBXSourcesBuildPhase section */

/* Begin PBXVariantGroup section */
		C70210402CA6B27700CF973E /* Main.storyboard */ = {
			isa = PBXVariantGroup;
			children = (
				C70210412CA6B27700CF973E /* Base */,
			);
			name = Main.storyboard;
			sourceTree = "<group>";
		};
		C70210482CA6B27900CF973E /* LaunchScreen.storyboard */ = {
			isa = PBXVariantGroup;
			children = (
				C70210492CA6B27900CF973E /* Base */,
			);
			name = LaunchScreen.storyboard;
			sourceTree = "<group>";
		};
/* End PBXVariantGroup section */

/* Begin XCBuildConfiguration section */
		C702104C2CA6B27900CF973E /* Debug */ = {
			isa = XCBuildConfiguration;
			buildSettings = {
				ALWAYS_SEARCH_USER_PATHS = NO;
				ASSETCATALOG_COMPILER_GENERATE_SWIFT_ASSET_SYMBOL_EXTENSIONS = YES;
				CLANG_ANALYZER_NONNULL = YES;
				CLANG_ANALYZER_NUMBER_OBJECT_CONVERSION = YES_AGGRESSIVE;
				CLANG_CXX_LANGUAGE_STANDARD = "gnu++20";
				CLANG_ENABLE_MODULES = YES;
				CLANG_ENABLE_OBJC_ARC = YES;
				CLANG_ENABLE_OBJC_WEAK = YES;
				CLANG_WARN_BLOCK_CAPTURE_AUTORELEASING = YES;
				CLANG_WARN_BOOL_CONVERSION = YES;
				CLANG_WARN_COMMA = YES;
				CLANG_WARN_CONSTANT_CONVERSION = YES;
				CLANG_WARN_DEPRECATED_OBJC_IMPLEMENTATIONS = YES;
				CLANG_WARN_DIRECT_OBJC_ISA_USAGE = YES_ERROR;
				CLANG_WARN_DOCUMENTATION_COMMENTS = YES;
				CLANG_WARN_EMPTY_BODY = YES;
				CLANG_WARN_ENUM_CONVERSION = YES;
				CLANG_WARN_INFINITE_RECURSION = YES;
				CLANG_WARN_INT_CONVERSION = YES;
				CLANG_WARN_NON_LITERAL_NULL_CONVERSION = YES;
				CLANG_WARN_OBJC_IMPLICIT_RETAIN_SELF = YES;
				CLANG_WARN_OBJC_LITERAL_CONVERSION = YES;
				CLANG_WARN_OBJC_ROOT_CLASS = YES_ERROR;
				CLANG_WARN_QUOTED_INCLUDE_IN_FRAMEWORK_HEADER = YES;
				CLANG_WARN_RANGE_LOOP_ANALYSIS = YES;
				CLANG_WARN_STRICT_PROTOTYPES = YES;
				CLANG_WARN_SUSPICIOUS_MOVE = YES;
				CLANG_WARN_UNGUARDED_AVAILABILITY = YES_AGGRESSIVE;
				CLANG_WARN_UNREACHABLE_CODE = YES;
				CLANG_WARN__DUPLICATE_METHOD_MATCH = YES;
				COPY_PHASE_STRIP = NO;
				DEBUG_INFORMATION_FORMAT = dwarf;
				ENABLE_STRICT_OBJC_MSGSEND = YES;
				ENABLE_TESTABILITY = YES;
				ENABLE_USER_SCRIPT_SANDBOXING = YES;
				GCC_C_LANGUAGE_STANDARD = gnu17;
				GCC_DYNAMIC_NO_PIC = NO;
				GCC_NO_COMMON_BLOCKS = YES;
				GCC_OPTIMIZATION_LEVEL = 0;
				GCC_PREPROCESSOR_DEFINITIONS = (
					"DEBUG=1",
					"$(inherited)",
				);
				GCC_WARN_64_TO_32_BIT_CONVERSION = YES;
				GCC_WARN_ABOUT_RETURN_TYPE = YES_ERROR;
				GCC_WARN_UNDECLARED_SELECTOR = YES;
				GCC_WARN_UNINITIALIZED_AUTOS = YES_AGGRESSIVE;
				GCC_WARN_UNUSED_FUNCTION = YES;
				GCC_WARN_UNUSED_VARIABLE = YES;
				IPHONEOS_DEPLOYMENT_TARGET = 17.2;
				LOCALIZATION_PREFERS_STRING_CATALOGS = YES;
				MTL_ENABLE_DEBUG_INFO = INCLUDE_SOURCE;
				MTL_FAST_MATH = YES;
				ONLY_ACTIVE_ARCH = YES;
				SDKROOT = iphoneos;
				SWIFT_ACTIVE_COMPILATION_CONDITIONS = "DEBUG $(inherited)";
				SWIFT_OPTIMIZATION_LEVEL = "-Onone";
			};
			name = Debug;
		};
		C702104D2CA6B27900CF973E /* Release */ = {
			isa = XCBuildConfiguration;
			buildSettings = {
				ALWAYS_SEARCH_USER_PATHS = NO;
				ASSETCATALOG_COMPILER_GENERATE_SWIFT_ASSET_SYMBOL_EXTENSIONS = YES;
				CLANG_ANALYZER_NONNULL = YES;
				CLANG_ANALYZER_NUMBER_OBJECT_CONVERSION = YES_AGGRESSIVE;
				CLANG_CXX_LANGUAGE_STANDARD = "gnu++20";
				CLANG_ENABLE_MODULES = YES;
				CLANG_ENABLE_OBJC_ARC = YES;
				CLANG_ENABLE_OBJC_WEAK = YES;
				CLANG_WARN_BLOCK_CAPTURE_AUTORELEASING = YES;
				CLANG_WARN_BOOL_CONVERSION = YES;
				CLANG_WARN_COMMA = YES;
				CLANG_WARN_CONSTANT_CONVERSION = YES;
				CLANG_WARN_DEPRECATED_OBJC_IMPLEMENTATIONS = YES;
				CLANG_WARN_DIRECT_OBJC_ISA_USAGE = YES_ERROR;
				CLANG_WARN_DOCUMENTATION_COMMENTS = YES;
				CLANG_WARN_EMPTY_BODY = YES;
				CLANG_WARN_ENUM_CONVERSION = YES;
				CLANG_WARN_INFINITE_RECURSION = YES;
				CLANG_WARN_INT_CONVERSION = YES;
				CLANG_WARN_NON_LITERAL_NULL_CONVERSION = YES;
				CLANG_WARN_OBJC_IMPLICIT_RETAIN_SELF = YES;
				CLANG_WARN_OBJC_LITERAL_CONVERSION = YES;
				CLANG_WARN_OBJC_ROOT_CLASS = YES_ERROR;
				CLANG_WARN_QUOTED_INCLUDE_IN_FRAMEWORK_HEADER = YES;
				CLANG_WARN_RANGE_LOOP_ANALYSIS = YES;
				CLANG_WARN_STRICT_PROTOTYPES = YES;
				CLANG_WARN_SUSPICIOUS_MOVE = YES;
				CLANG_WARN_UNGUARDED_AVAILABILITY = YES_AGGRESSIVE;
				CLANG_WARN_UNREACHABLE_CODE = YES;
				CLANG_WARN__DUPLICATE_METHOD_MATCH = YES;
				COPY_PHASE_STRIP = NO;
				DEBUG_INFORMATION_FORMAT = "dwarf-with-dsym";
				ENABLE_NS_ASSERTIONS = NO;
				ENABLE_STRICT_OBJC_MSGSEND = YES;
				ENABLE_USER_SCRIPT_SANDBOXING = YES;
				GCC_C_LANGUAGE_STANDARD = gnu17;
				GCC_NO_COMMON_BLOCKS = YES;
				GCC_WARN_64_TO_32_BIT_CONVERSION = YES;
				GCC_WARN_ABOUT_RETURN_TYPE = YES_ERROR;
				GCC_WARN_UNDECLARED_SELECTOR = YES;
				GCC_WARN_UNINITIALIZED_AUTOS = YES_AGGRESSIVE;
				GCC_WARN_UNUSED_FUNCTION = YES;
				GCC_WARN_UNUSED_VARIABLE = YES;
				IPHONEOS_DEPLOYMENT_TARGET = 17.2;
				LOCALIZATION_PREFERS_STRING_CATALOGS = YES;
				MTL_ENABLE_DEBUG_INFO = NO;
				MTL_FAST_MATH = YES;
				SDKROOT = iphoneos;
				SWIFT_COMPILATION_MODE = wholemodule;
				VALIDATE_PRODUCT = YES;
			};
			name = Release;
		};
		C702104F2CA6B27900CF973E /* Debug */ = {
			isa = XCBuildConfiguration;
			buildSettings = {
				ASSETCATALOG_COMPILER_APPICON_NAME = AppIcon;
				ASSETCATALOG_COMPILER_GLOBAL_ACCENT_COLOR_NAME = AccentColor;
				CODE_SIGN_STYLE = Automatic;
				CURRENT_PROJECT_VERSION = 1;
				DEVELOPMENT_TEAM = XKU3TFWM83;
				GENERATE_INFOPLIST_FILE = YES;
				INFOPLIST_FILE = Battlebucks_Sunish_Ram/Info.plist;
				INFOPLIST_KEY_UIApplicationSupportsIndirectInputEvents = YES;
				INFOPLIST_KEY_UILaunchStoryboardName = LaunchScreen;
				INFOPLIST_KEY_UIMainStoryboardFile = Main;
				INFOPLIST_KEY_UISupportedInterfaceOrientations_iPad = "UIInterfaceOrientationPortrait UIInterfaceOrientationPortraitUpsideDown UIInterfaceOrientationLandscapeLeft UIInterfaceOrientationLandscapeRight";
				INFOPLIST_KEY_UISupportedInterfaceOrientations_iPhone = "UIInterfaceOrientationPortrait UIInterfaceOrientationLandscapeLeft UIInterfaceOrientationLandscapeRight";
				LD_RUNPATH_SEARCH_PATHS = (
					"$(inherited)",
					"@executable_path/Frameworks",
				);
				MARKETING_VERSION = 1.0;
				PRODUCT_BUNDLE_IDENTIFIER = "com.sunish.Battlebucks-Sunish-Ram";
				PRODUCT_NAME = "$(TARGET_NAME)";
				SWIFT_EMIT_LOC_STRINGS = YES;
				SWIFT_VERSION = 5.0;
				TARGETED_DEVICE_FAMILY = "1,2";
			};
			name = Debug;
		};
		C70210502CA6B27900CF973E /* Release */ = {
			isa = XCBuildConfiguration;
			buildSettings = {
				ASSETCATALOG_COMPILER_APPICON_NAME = AppIcon;
				ASSETCATALOG_COMPILER_GLOBAL_ACCENT_COLOR_NAME = AccentColor;
				CODE_SIGN_STYLE = Automatic;
				CURRENT_PROJECT_VERSION = 1;
				DEVELOPMENT_TEAM = XKU3TFWM83;
				GENERATE_INFOPLIST_FILE = YES;
				INFOPLIST_FILE = Battlebucks_Sunish_Ram/Info.plist;
				INFOPLIST_KEY_UIApplicationSupportsIndirectInputEvents = YES;
				INFOPLIST_KEY_UILaunchStoryboardName = LaunchScreen;
				INFOPLIST_KEY_UIMainStoryboardFile = Main;
				INFOPLIST_KEY_UISupportedInterfaceOrientations_iPad = "UIInterfaceOrientationPortrait UIInterfaceOrientationPortraitUpsideDown UIInterfaceOrientationLandscapeLeft UIInterfaceOrientationLandscapeRight";
				INFOPLIST_KEY_UISupportedInterfaceOrientations_iPhone = "UIInterfaceOrientationPortrait UIInterfaceOrientationLandscapeLeft UIInterfaceOrientationLandscapeRight";
				LD_RUNPATH_SEARCH_PATHS = (
					"$(inherited)",
					"@executable_path/Frameworks",
				);
				MARKETING_VERSION = 1.0;
				PRODUCT_BUNDLE_IDENTIFIER = "com.sunish.Battlebucks-Sunish-Ram";
				PRODUCT_NAME = "$(TARGET_NAME)";
				SWIFT_EMIT_LOC_STRINGS = YES;
				SWIFT_VERSION = 5.0;
				TARGETED_DEVICE_FAMILY = "1,2";
			};
			name = Release;
		};
/* End XCBuildConfiguration section */

/* Begin XCConfigurationList section */
		C70210322CA6B27700CF973E /* Build configuration list for PBXProject "Battlebucks_Sunish_Ram" */ = {
			isa = XCConfigurationList;
			buildConfigurations = (
				C702104C2CA6B27900CF973E /* Debug */,
				C702104D2CA6B27900CF973E /* Release */,
			);
			defaultConfigurationIsVisible = 0;
			defaultConfigurationName = Release;
		};
		C702104E2CA6B27900CF973E /* Build configuration list for PBXNativeTarget "Battlebucks_Sunish_Ram" */ = {
			isa = XCConfigurationList;
			buildConfigurations = (
				C702104F2CA6B27900CF973E /* Debug */,
				C70210502CA6B27900CF973E /* Release */,
			);
			defaultConfigurationIsVisible = 0;
			defaultConfigurationName = Release;
		};
/* End XCConfigurationList section */

/* Begin XCVersionGroup section */
		C70210432CA6B27700CF973E /* Battlebucks_Sunish_Ram.xcdatamodeld */ = {
			isa = XCVersionGroup;
			children = (
				C70210442CA6B27700CF973E /* Battlebucks_Sunish_Ram.xcdatamodel */,
			);
			currentVersion = C70210442CA6B27700CF973E /* Battlebucks_Sunish_Ram.xcdatamodel */;
			path = Battlebucks_Sunish_Ram.xcdatamodeld;
			sourceTree = "<group>";
			versionGroupType = wrapper.xcdatamodel;
		};
/* End XCVersionGroup section */
	};
	rootObject = C702102F2CA6B27700CF973E /* Project object */;
}
